// !$*UTF8*$!
{
	archiveVersion = 1;
	classes = {
	};
	objectVersion = 56;
	objects = {

/* Begin PBXBuildFile section */
		9BD3A7D0D99271B76096D42E /* Pods_MovieListViper.framework in Frameworks */ = {isa = PBXBuildFile; fileRef = 53098ED22BF5436BCECA7B3A /* Pods_MovieListViper.framework */; };
		B8B2321C290429F1000AE4F9 /* AppDelegate.swift in Sources */ = {isa = PBXBuildFile; fileRef = B8B2321B290429F1000AE4F9 /* AppDelegate.swift */; };
		B8B23220290429F1000AE4F9 /* ViewController.swift in Sources */ = {isa = PBXBuildFile; fileRef = B8B2321F290429F1000AE4F9 /* ViewController.swift */; };
		B8B23223290429F1000AE4F9 /* Main.storyboard in Resources */ = {isa = PBXBuildFile; fileRef = B8B23221290429F1000AE4F9 /* Main.storyboard */; };
		B8B23225290429F3000AE4F9 /* Assets.xcassets in Resources */ = {isa = PBXBuildFile; fileRef = B8B23224290429F3000AE4F9 /* Assets.xcassets */; };
		B8B23228290429F3000AE4F9 /* LaunchScreen.storyboard in Resources */ = {isa = PBXBuildFile; fileRef = B8B23226290429F3000AE4F9 /* LaunchScreen.storyboard */; };
		B8B2323129042AA2000AE4F9 /* API.swift in Sources */ = {isa = PBXBuildFile; fileRef = B8B2323029042AA2000AE4F9 /* API.swift */; };
		B8B2323529042AF7000AE4F9 /* Constants.swift in Sources */ = {isa = PBXBuildFile; fileRef = B8B2323429042AF7000AE4F9 /* Constants.swift */; };
		B8B2324729042C50000AE4F9 /* Movie.swift in Sources */ = {isa = PBXBuildFile; fileRef = B8B2324629042C50000AE4F9 /* Movie.swift */; };
		B8B2324B29042D8A000AE4F9 /* MovieCell.swift in Sources */ = {isa = PBXBuildFile; fileRef = B8B2324929042D8A000AE4F9 /* MovieCell.swift */; };
		B8B2324C29042D8A000AE4F9 /* MovieCell.xib in Resources */ = {isa = PBXBuildFile; fileRef = B8B2324A29042D8A000AE4F9 /* MovieCell.xib */; };
		B8B2325429043072000AE4F9 /* MovieListContract.swift in Sources */ = {isa = PBXBuildFile; fileRef = B8B2324E29043072000AE4F9 /* MovieListContract.swift */; };
		B8B2325529043072000AE4F9 /* MovieListPresenter.swift in Sources */ = {isa = PBXBuildFile; fileRef = B8B2324F29043072000AE4F9 /* MovieListPresenter.swift */; };
		B8B2325629043072000AE4F9 /* MovieListRouter.swift in Sources */ = {isa = PBXBuildFile; fileRef = B8B2325029043072000AE4F9 /* MovieListRouter.swift */; };
		B8B2325829043072000AE4F9 /* MovieListViewController.swift in Sources */ = {isa = PBXBuildFile; fileRef = B8B2325229043072000AE4F9 /* MovieListViewController.swift */; };
		B8B2325929043072000AE4F9 /* MovieListInteractor.swift in Sources */ = {isa = PBXBuildFile; fileRef = B8B2325329043072000AE4F9 /* MovieListInteractor.swift */; };
		B8B2325C290430A7000AE4F9 /* BaseContract.swift in Sources */ = {isa = PBXBuildFile; fileRef = B8B2325B290430A7000AE4F9 /* BaseContract.swift */; };
		B8B2325E290430DC000AE4F9 /* Extensions.swift in Sources */ = {isa = PBXBuildFile; fileRef = B8B2325D290430DC000AE4F9 /* Extensions.swift */; };
		B8B232602904320F000AE4F9 /* MovieList.storyboard in Resources */ = {isa = PBXBuildFile; fileRef = B8B2325F2904320F000AE4F9 /* MovieList.storyboard */; };
/* End PBXBuildFile section */

/* Begin PBXFileReference section */
		354C9DA046219C504224E0D3 /* Pods-MovieListViper.debug.xcconfig */ = {isa = PBXFileReference; includeInIndex = 1; lastKnownFileType = text.xcconfig; name = "Pods-MovieListViper.debug.xcconfig"; path = "Target Support Files/Pods-MovieListViper/Pods-MovieListViper.debug.xcconfig"; sourceTree = "<group>"; };
		53098ED22BF5436BCECA7B3A /* Pods_MovieListViper.framework */ = {isa = PBXFileReference; explicitFileType = wrapper.framework; includeInIndex = 0; path = Pods_MovieListViper.framework; sourceTree = BUILT_PRODUCTS_DIR; };
		B8B23218290429F1000AE4F9 /* MovieListViper.app */ = {isa = PBXFileReference; explicitFileType = wrapper.application; includeInIndex = 0; path = MovieListViper.app; sourceTree = BUILT_PRODUCTS_DIR; };
		B8B2321B290429F1000AE4F9 /* AppDelegate.swift */ = {isa = PBXFileReference; lastKnownFileType = sourcecode.swift; path = AppDelegate.swift; sourceTree = "<group>"; };
		B8B2321F290429F1000AE4F9 /* ViewController.swift */ = {isa = PBXFileReference; lastKnownFileType = sourcecode.swift; path = ViewController.swift; sourceTree = "<group>"; };
		B8B23222290429F1000AE4F9 /* Base */ = {isa = PBXFileReference; lastKnownFileType = file.storyboard; name = Base; path = Base.lproj/Main.storyboard; sourceTree = "<group>"; };
		B8B23224290429F3000AE4F9 /* Assets.xcassets */ = {isa = PBXFileReference; lastKnownFileType = folder.assetcatalog; path = Assets.xcassets; sourceTree = "<group>"; };
		B8B23227290429F3000AE4F9 /* Base */ = {isa = PBXFileReference; lastKnownFileType = file.storyboard; name = Base; path = Base.lproj/LaunchScreen.storyboard; sourceTree = "<group>"; };
		B8B23229290429F3000AE4F9 /* Info.plist */ = {isa = PBXFileReference; lastKnownFileType = text.plist.xml; path = Info.plist; sourceTree = "<group>"; };
		B8B2323029042AA2000AE4F9 /* API.swift */ = {isa = PBXFileReference; lastKnownFileType = sourcecode.swift; path = API.swift; sourceTree = "<group>"; };
		B8B2323429042AF7000AE4F9 /* Constants.swift */ = {isa = PBXFileReference; lastKnownFileType = sourcecode.swift; path = Constants.swift; sourceTree = "<group>"; };
		B8B2324629042C50000AE4F9 /* Movie.swift */ = {isa = PBXFileReference; lastKnownFileType = sourcecode.swift; path = Movie.swift; sourceTree = "<group>"; };
		B8B2324929042D8A000AE4F9 /* MovieCell.swift */ = {isa = PBXFileReference; lastKnownFileType = sourcecode.swift; path = MovieCell.swift; sourceTree = "<group>"; };
		B8B2324A29042D8A000AE4F9 /* MovieCell.xib */ = {isa = PBXFileReference; lastKnownFileType = file.xib; path = MovieCell.xib; sourceTree = "<group>"; };
		B8B2324E29043072000AE4F9 /* MovieListContract.swift */ = {isa = PBXFileReference; lastKnownFileType = sourcecode.swift; path = MovieListContract.swift; sourceTree = "<group>"; };
		B8B2324F29043072000AE4F9 /* MovieListPresenter.swift */ = {isa = PBXFileReference; lastKnownFileType = sourcecode.swift; path = MovieListPresenter.swift; sourceTree = "<group>"; };
		B8B2325029043072000AE4F9 /* MovieListRouter.swift */ = {isa = PBXFileReference; lastKnownFileType = sourcecode.swift; path = MovieListRouter.swift; sourceTree = "<group>"; };
		B8B2325229043072000AE4F9 /* MovieListViewController.swift */ = {isa = PBXFileReference; lastKnownFileType = sourcecode.swift; path = MovieListViewController.swift; sourceTree = "<group>"; };
		B8B2325329043072000AE4F9 /* MovieListInteractor.swift */ = {isa = PBXFileReference; lastKnownFileType = sourcecode.swift; path = MovieListInteractor.swift; sourceTree = "<group>"; };
		B8B2325B290430A7000AE4F9 /* BaseContract.swift */ = {isa = PBXFileReference; lastKnownFileType = sourcecode.swift; path = BaseContract.swift; sourceTree = "<group>"; };
		B8B2325D290430DC000AE4F9 /* Extensions.swift */ = {isa = PBXFileReference; lastKnownFileType = sourcecode.swift; path = Extensions.swift; sourceTree = "<group>"; };
		B8B2325F2904320F000AE4F9 /* MovieList.storyboard */ = {isa = PBXFileReference; lastKnownFileType = file.storyboard; path = MovieList.storyboard; sourceTree = "<group>"; };
		BDBA149A15AB928ABDDBC31A /* Pods-MovieListViper.release.xcconfig */ = {isa = PBXFileReference; includeInIndex = 1; lastKnownFileType = text.xcconfig; name = "Pods-MovieListViper.release.xcconfig"; path = "Target Support Files/Pods-MovieListViper/Pods-MovieListViper.release.xcconfig"; sourceTree = "<group>"; };
/* End PBXFileReference section */

/* Begin PBXFrameworksBuildPhase section */
		B8B23215290429F1000AE4F9 /* Frameworks */ = {
			isa = PBXFrameworksBuildPhase;
			buildActionMask = 2147483647;
			files = (
				9BD3A7D0D99271B76096D42E /* Pods_MovieListViper.framework in Frameworks */,
			);
			runOnlyForDeploymentPostprocessing = 0;
		};
/* End PBXFrameworksBuildPhase section */

/* Begin PBXGroup section */
		5F08ACEC00D046034556AF14 /* Pods */ = {
			isa = PBXGroup;
			children = (
				354C9DA046219C504224E0D3 /* Pods-MovieListViper.debug.xcconfig */,
				BDBA149A15AB928ABDDBC31A /* Pods-MovieListViper.release.xcconfig */,
			);
			path = Pods;
			sourceTree = "<group>";
		};
		B8B2320F290429F1000AE4F9 = {
			isa = PBXGroup;
			children = (
				B8B2321A290429F1000AE4F9 /* MovieListViper */,
				B8B23219290429F1000AE4F9 /* Products */,
				5F08ACEC00D046034556AF14 /* Pods */,
				C632F1E8489D6C3EC4D563C0 /* Frameworks */,
			);
			sourceTree = "<group>";
		};
		B8B23219290429F1000AE4F9 /* Products */ = {
			isa = PBXGroup;
			children = (
				B8B23218290429F1000AE4F9 /* MovieListViper.app */,
			);
			name = Products;
			sourceTree = "<group>";
		};
		B8B2321A290429F1000AE4F9 /* MovieListViper */ = {
			isa = PBXGroup;
			children = (
				B8B2322F29042A8E000AE4F9 /* Networking */,
				B8B2323229042AE0000AE4F9 /* Util */,
				B8B2325A29043097000AE4F9 /* Commons */,
				B8B2323729042BA6000AE4F9 /* Controller */,
				B8B2321B290429F1000AE4F9 /* AppDelegate.swift */,
				B8B2321F290429F1000AE4F9 /* ViewController.swift */,
				B8B23221290429F1000AE4F9 /* Main.storyboard */,
				B8B23224290429F3000AE4F9 /* Assets.xcassets */,
				B8B23226290429F3000AE4F9 /* LaunchScreen.storyboard */,
				B8B23229290429F3000AE4F9 /* Info.plist */,
				B8B2325D290430DC000AE4F9 /* Extensions.swift */,
			);
			path = MovieListViper;
			sourceTree = "<group>";
		};
		B8B2322F29042A8E000AE4F9 /* Networking */ = {
			isa = PBXGroup;
			children = (
				B8B2323029042AA2000AE4F9 /* API.swift */,
			);
			path = Networking;
			sourceTree = "<group>";
		};
		B8B2323229042AE0000AE4F9 /* Util */ = {
			isa = PBXGroup;
			children = (
				B8B2323329042AE7000AE4F9 /* Constants */,
			);
			path = Util;
			sourceTree = "<group>";
		};
		B8B2323329042AE7000AE4F9 /* Constants */ = {
			isa = PBXGroup;
			children = (
				B8B2323429042AF7000AE4F9 /* Constants.swift */,
			);
			path = Constants;
			sourceTree = "<group>";
		};
		B8B2323729042BA6000AE4F9 /* Controller */ = {
			isa = PBXGroup;
			children = (
				B8B2324D2904305B000AE4F9 /* MovieListViewController */,
			);
			path = Controller;
			sourceTree = "<group>";
		};
		B8B2324529042C3A000AE4F9 /* MovieEntities */ = {
			isa = PBXGroup;
			children = (
				B8B2324629042C50000AE4F9 /* Movie.swift */,
			);
			path = MovieEntities;
			sourceTree = "<group>";
		};
		B8B2324829042D77000AE4F9 /* Cell */ = {
			isa = PBXGroup;
			children = (
				B8B2324929042D8A000AE4F9 /* MovieCell.swift */,
				B8B2324A29042D8A000AE4F9 /* MovieCell.xib */,
			);
			path = Cell;
			sourceTree = "<group>";
		};
		B8B2324D2904305B000AE4F9 /* MovieListViewController */ = {
			isa = PBXGroup;
			children = (
				B8B2324829042D77000AE4F9 /* Cell */,
				B8B2324529042C3A000AE4F9 /* MovieEntities */,
				B8B2324E29043072000AE4F9 /* MovieListContract.swift */,
				B8B2324F29043072000AE4F9 /* MovieListPresenter.swift */,
				B8B2325029043072000AE4F9 /* MovieListRouter.swift */,
				B8B2325229043072000AE4F9 /* MovieListViewController.swift */,
				B8B2325329043072000AE4F9 /* MovieListInteractor.swift */,
				B8B2325F2904320F000AE4F9 /* MovieList.storyboard */,
			);
			path = MovieListViewController;
			sourceTree = "<group>";
		};
		B8B2325A29043097000AE4F9 /* Commons */ = {
			isa = PBXGroup;
			children = (
				B8B2325B290430A7000AE4F9 /* BaseContract.swift */,
			);
			path = Commons;
			sourceTree = "<group>";
		};
		C632F1E8489D6C3EC4D563C0 /* Frameworks */ = {
			isa = PBXGroup;
			children = (
				53098ED22BF5436BCECA7B3A /* Pods_MovieListViper.framework */,
			);
			name = Frameworks;
			sourceTree = "<group>";
		};
/* End PBXGroup section */

/* Begin PBXNativeTarget section */
		B8B23217290429F1000AE4F9 /* MovieListViper */ = {
			isa = PBXNativeTarget;
			buildConfigurationList = B8B2322C290429F3000AE4F9 /* Build configuration list for PBXNativeTarget "MovieListViper" */;
			buildPhases = (
				4D18FF2237FCD41D52231064 /* [CP] Check Pods Manifest.lock */,
				B8B23214290429F1000AE4F9 /* Sources */,
				B8B23215290429F1000AE4F9 /* Frameworks */,
				B8B23216290429F1000AE4F9 /* Resources */,
				91D0E307BE38CEE0F337B670 /* [CP] Embed Pods Frameworks */,
			);
			buildRules = (
			);
			dependencies = (
			);
			name = MovieListViper;
			productName = MovieListViper;
			productReference = B8B23218290429F1000AE4F9 /* MovieListViper.app */;
			productType = "com.apple.product-type.application";
		};
/* End PBXNativeTarget section */

/* Begin PBXProject section */
		B8B23210290429F1000AE4F9 /* Project object */ = {
			isa = PBXProject;
			attributes = {
				BuildIndependentTargetsInParallel = 1;
				LastSwiftUpdateCheck = 1400;
				LastUpgradeCheck = 1400;
				TargetAttributes = {
					B8B23217290429F1000AE4F9 = {
						CreatedOnToolsVersion = 14.0.1;
					};
				};
			};
			buildConfigurationList = B8B23213290429F1000AE4F9 /* Build configuration list for PBXProject "MovieListViper" */;
			compatibilityVersion = "Xcode 14.0";
			developmentRegion = en;
			hasScannedForEncodings = 0;
			knownRegions = (
				en,
				Base,
			);
			mainGroup = B8B2320F290429F1000AE4F9;
			productRefGroup = B8B23219290429F1000AE4F9 /* Products */;
			projectDirPath = "";
			projectRoot = "";
			targets = (
				B8B23217290429F1000AE4F9 /* MovieListViper */,
			);
		};
/* End PBXProject section */

/* Begin PBXResourcesBuildPhase section */
		B8B23216290429F1000AE4F9 /* Resources */ = {
			isa = PBXResourcesBuildPhase;
			buildActionMask = 2147483647;
			files = (
				B8B23228290429F3000AE4F9 /* LaunchScreen.storyboard in Resources */,
				B8B23225290429F3000AE4F9 /* Assets.xcassets in Resources */,
				B8B232602904320F000AE4F9 /* MovieList.storyboard in Resources */,
				B8B23223290429F1000AE4F9 /* Main.storyboard in Resources */,
				B8B2324C29042D8A000AE4F9 /* MovieCell.xib in Resources */,
			);
			runOnlyForDeploymentPostprocessing = 0;
		};
/* End PBXResourcesBuildPhase section */

/* Begin PBXShellScriptBuildPhase section */
		4D18FF2237FCD41D52231064 /* [CP] Check Pods Manifest.lock */ = {
			isa = PBXShellScriptBuildPhase;
			buildActionMask = 2147483647;
			files = (
			);
			inputFileListPaths = (
			);
			inputPaths = (
				"${PODS_PODFILE_DIR_PATH}/Podfile.lock",
				"${PODS_ROOT}/Manifest.lock",
			);
			name = "[CP] Check Pods Manifest.lock";
			outputFileListPaths = (
			);
			outputPaths = (
				"$(DERIVED_FILE_DIR)/Pods-MovieListViper-checkManifestLockResult.txt",
			);
			runOnlyForDeploymentPostprocessing = 0;
			shellPath = /bin/sh;
			shellScript = "diff \"${PODS_PODFILE_DIR_PATH}/Podfile.lock\" \"${PODS_ROOT}/Manifest.lock\" > /dev/null\nif [ $? != 0 ] ; then\n    # print error to STDERR\n    echo \"error: The sandbox is not in sync with the Podfile.lock. Run 'pod install' or update your CocoaPods installation.\" >&2\n    exit 1\nfi\n# This output is used by Xcode 'outputs' to avoid re-running this script phase.\necho \"SUCCESS\" > \"${SCRIPT_OUTPUT_FILE_0}\"\n";
			showEnvVarsInLog = 0;
		};
		91D0E307BE38CEE0F337B670 /* [CP] Embed Pods Frameworks */ = {
			isa = PBXShellScriptBuildPhase;
			buildActionMask = 2147483647;
			files = (
			);
			inputFileListPaths = (
				"${PODS_ROOT}/Target Support Files/Pods-MovieListViper/Pods-MovieListViper-frameworks-${CONFIGURATION}-input-files.xcfilelist",
			);
			name = "[CP] Embed Pods Frameworks";
			outputFileListPaths = (
				"${PODS_ROOT}/Target Support Files/Pods-MovieListViper/Pods-MovieListViper-frameworks-${CONFIGURATION}-output-files.xcfilelist",
			);
			runOnlyForDeploymentPostprocessing = 0;
			shellPath = /bin/sh;
			shellScript = "\"${PODS_ROOT}/Target Support Files/Pods-MovieListViper/Pods-MovieListViper-frameworks.sh\"\n";
			showEnvVarsInLog = 0;
		};
/* End PBXShellScriptBuildPhase section */

/* Begin PBXSourcesBuildPhase section */
		B8B23214290429F1000AE4F9 /* Sources */ = {
			isa = PBXSourcesBuildPhase;
			buildActionMask = 2147483647;
			files = (
				B8B2325929043072000AE4F9 /* MovieListInteractor.swift in Sources */,
				B8B2325429043072000AE4F9 /* MovieListContract.swift in Sources */,
				B8B2325C290430A7000AE4F9 /* BaseContract.swift in Sources */,
				B8B2325829043072000AE4F9 /* MovieListViewController.swift in Sources */,
				B8B2323529042AF7000AE4F9 /* Constants.swift in Sources */,
				B8B2324B29042D8A000AE4F9 /* MovieCell.swift in Sources */,
				B8B23220290429F1000AE4F9 /* ViewController.swift in Sources */,
				B8B2325629043072000AE4F9 /* MovieListRouter.swift in Sources */,
				B8B2325E290430DC000AE4F9 /* Extensions.swift in Sources */,
				B8B2321C290429F1000AE4F9 /* AppDelegate.swift in Sources */,
				B8B2323129042AA2000AE4F9 /* API.swift in Sources */,
				B8B2324729042C50000AE4F9 /* Movie.swift in Sources */,
				B8B2325529043072000AE4F9 /* MovieListPresenter.swift in Sources */,
			);
			runOnlyForDeploymentPostprocessing = 0;
		};
/* End PBXSourcesBuildPhase section */

/* Begin PBXVariantGroup section */
		B8B23221290429F1000AE4F9 /* Main.storyboard */ = {
			isa = PBXVariantGroup;
			children = (
				B8B23222290429F1000AE4F9 /* Base */,
			);
			name = Main.storyboard;
			sourceTree = "<group>";
		};
		B8B23226290429F3000AE4F9 /* LaunchScreen.storyboard */ = {
			isa = PBXVariantGroup;
			children = (
				B8B23227290429F3000AE4F9 /* Base */,
			);
			name = LaunchScreen.storyboard;
			sourceTree = "<group>";
		};
/* End PBXVariantGroup section */

/* Begin XCBuildConfiguration section */
		B8B2322A290429F3000AE4F9 /* Debug */ = {
			isa = XCBuildConfiguration;
			buildSettings = {
				ALWAYS_SEARCH_USER_PATHS = NO;
				CLANG_ANALYZER_NONNULL = YES;
				CLANG_ANALYZER_NUMBER_OBJECT_CONVERSION = YES_AGGRESSIVE;
				CLANG_CXX_LANGUAGE_STANDARD = "gnu++20";
				CLANG_ENABLE_MODULES = YES;
				CLANG_ENABLE_OBJC_ARC = YES;
				CLANG_ENABLE_OBJC_WEAK = YES;
				CLANG_WARN_BLOCK_CAPTURE_AUTORELEASING = YES;
				CLANG_WARN_BOOL_CONVERSION = YES;
				CLANG_WARN_COMMA = YES;
				CLANG_WARN_CONSTANT_CONVERSION = YES;
				CLANG_WARN_DEPRECATED_OBJC_IMPLEMENTATIONS = YES;
				CLANG_WARN_DIRECT_OBJC_ISA_USAGE = YES_ERROR;
				CLANG_WARN_DOCUMENTATION_COMMENTS = YES;
				CLANG_WARN_EMPTY_BODY = YES;
				CLANG_WARN_ENUM_CONVERSION = YES;
				CLANG_WARN_INFINITE_RECURSION = YES;
				CLANG_WARN_INT_CONVERSION = YES;
				CLANG_WARN_NON_LITERAL_NULL_CONVERSION = YES;
				CLANG_WARN_OBJC_IMPLICIT_RETAIN_SELF = YES;
				CLANG_WARN_OBJC_LITERAL_CONVERSION = YES;
				CLANG_WARN_OBJC_ROOT_CLASS = YES_ERROR;
				CLANG_WARN_QUOTED_INCLUDE_IN_FRAMEWORK_HEADER = YES;
				CLANG_WARN_RANGE_LOOP_ANALYSIS = YES;
				CLANG_WARN_STRICT_PROTOTYPES = YES;
				CLANG_WARN_SUSPICIOUS_MOVE = YES;
				CLANG_WARN_UNGUARDED_AVAILABILITY = YES_AGGRESSIVE;
				CLANG_WARN_UNREACHABLE_CODE = YES;
				CLANG_WARN__DUPLICATE_METHOD_MATCH = YES;
				COPY_PHASE_STRIP = NO;
				DEBUG_INFORMATION_FORMAT = dwarf;
				ENABLE_STRICT_OBJC_MSGSEND = YES;
				ENABLE_TESTABILITY = YES;
				GCC_C_LANGUAGE_STANDARD = gnu11;
				GCC_DYNAMIC_NO_PIC = NO;
				GCC_NO_COMMON_BLOCKS = YES;
				GCC_OPTIMIZATION_LEVEL = 0;
				GCC_PREPROCESSOR_DEFINITIONS = (
					"DEBUG=1",
					"$(inherited)",
				);
				GCC_WARN_64_TO_32_BIT_CONVERSION = YES;
				GCC_WARN_ABOUT_RETURN_TYPE = YES_ERROR;
				GCC_WARN_UNDECLARED_SELECTOR = YES;
				GCC_WARN_UNINITIALIZED_AUTOS = YES_AGGRESSIVE;
				GCC_WARN_UNUSED_FUNCTION = YES;
				GCC_WARN_UNUSED_VARIABLE = YES;
				IPHONEOS_DEPLOYMENT_TARGET = 16.0;
				MTL_ENABLE_DEBUG_INFO = INCLUDE_SOURCE;
				MTL_FAST_MATH = YES;
				ONLY_ACTIVE_ARCH = YES;
				SDKROOT = iphoneos;
				SWIFT_ACTIVE_COMPILATION_CONDITIONS = DEBUG;
				SWIFT_OPTIMIZATION_LEVEL = "-Onone";
			};
			name = Debug;
		};
		B8B2322B290429F3000AE4F9 /* Release */ = {
			isa = XCBuildConfiguration;
			buildSettings = {
				ALWAYS_SEARCH_USER_PATHS = NO;
				CLANG_ANALYZER_NONNULL = YES;
				CLANG_ANALYZER_NUMBER_OBJECT_CONVERSION = YES_AGGRESSIVE;
				CLANG_CXX_LANGUAGE_STANDARD = "gnu++20";
				CLANG_ENABLE_MODULES = YES;
				CLANG_ENABLE_OBJC_ARC = YES;
				CLANG_ENABLE_OBJC_WEAK = YES;
				CLANG_WARN_BLOCK_CAPTURE_AUTORELEASING = YES;
				CLANG_WARN_BOOL_CONVERSION = YES;
				CLANG_WARN_COMMA = YES;
				CLANG_WARN_CONSTANT_CONVERSION = YES;
				CLANG_WARN_DEPRECATED_OBJC_IMPLEMENTATIONS = YES;
				CLANG_WARN_DIRECT_OBJC_ISA_USAGE = YES_ERROR;
				CLANG_WARN_DOCUMENTATION_COMMENTS = YES;
				CLANG_WARN_EMPTY_BODY = YES;
				CLANG_WARN_ENUM_CONVERSION = YES;
				CLANG_WARN_INFINITE_RECURSION = YES;
				CLANG_WARN_INT_CONVERSION = YES;
				CLANG_WARN_NON_LITERAL_NULL_CONVERSION = YES;
				CLANG_WARN_OBJC_IMPLICIT_RETAIN_SELF = YES;
				CLANG_WARN_OBJC_LITERAL_CONVERSION = YES;
				CLANG_WARN_OBJC_ROOT_CLASS = YES_ERROR;
				CLANG_WARN_QUOTED_INCLUDE_IN_FRAMEWORK_HEADER = YES;
				CLANG_WARN_RANGE_LOOP_ANALYSIS = YES;
				CLANG_WARN_STRICT_PROTOTYPES = YES;
				CLANG_WARN_SUSPICIOUS_MOVE = YES;
				CLANG_WARN_UNGUARDED_AVAILABILITY = YES_AGGRESSIVE;
				CLANG_WARN_UNREACHABLE_CODE = YES;
				CLANG_WARN__DUPLICATE_METHOD_MATCH = YES;
				COPY_PHASE_STRIP = NO;
				DEBUG_INFORMATION_FORMAT = "dwarf-with-dsym";
				ENABLE_NS_ASSERTIONS = NO;
				ENABLE_STRICT_OBJC_MSGSEND = YES;
				GCC_C_LANGUAGE_STANDARD = gnu11;
				GCC_NO_COMMON_BLOCKS = YES;
				GCC_WARN_64_TO_32_BIT_CONVERSION = YES;
				GCC_WARN_ABOUT_RETURN_TYPE = YES_ERROR;
				GCC_WARN_UNDECLARED_SELECTOR = YES;
				GCC_WARN_UNINITIALIZED_AUTOS = YES_AGGRESSIVE;
				GCC_WARN_UNUSED_FUNCTION = YES;
				GCC_WARN_UNUSED_VARIABLE = YES;
				IPHONEOS_DEPLOYMENT_TARGET = 16.0;
				MTL_ENABLE_DEBUG_INFO = NO;
				MTL_FAST_MATH = YES;
				SDKROOT = iphoneos;
				SWIFT_COMPILATION_MODE = wholemodule;
				SWIFT_OPTIMIZATION_LEVEL = "-O";
				VALIDATE_PRODUCT = YES;
			};
			name = Release;
		};
		B8B2322D290429F3000AE4F9 /* Debug */ = {
			isa = XCBuildConfiguration;
			baseConfigurationReference = 354C9DA046219C504224E0D3 /* Pods-MovieListViper.debug.xcconfig */;
			buildSettings = {
				ASSETCATALOG_COMPILER_APPICON_NAME = AppIcon;
				ASSETCATALOG_COMPILER_GLOBAL_ACCENT_COLOR_NAME = AccentColor;
				CODE_SIGN_STYLE = Automatic;
				CURRENT_PROJECT_VERSION = 1;
				DEVELOPMENT_TEAM = B8D6D7FFGQ;
				GENERATE_INFOPLIST_FILE = YES;
				INFOPLIST_FILE = MovieListViper/Info.plist;
				INFOPLIST_KEY_UIApplicationSupportsIndirectInputEvents = YES;
				INFOPLIST_KEY_UILaunchStoryboardName = LaunchScreen;
				INFOPLIST_KEY_UIMainStoryboardFile = Main;
				INFOPLIST_KEY_UISupportedInterfaceOrientations_iPad = "UIInterfaceOrientationPortrait UIInterfaceOrientationPortraitUpsideDown UIInterfaceOrientationLandscapeLeft UIInterfaceOrientationLandscapeRight";
				INFOPLIST_KEY_UISupportedInterfaceOrientations_iPhone = "UIInterfaceOrientationPortrait UIInterfaceOrientationLandscapeLeft UIInterfaceOrientationLandscapeRight";
				LD_RUNPATH_SEARCH_PATHS = (
					"$(inherited)",
					"@executable_path/Frameworks",
				);
				MARKETING_VERSION = 1.0;
				PRODUCT_BUNDLE_IDENTIFIER = com.utkucetinkaya.MovieListViper;
				PRODUCT_NAME = "$(TARGET_NAME)";
				SWIFT_EMIT_LOC_STRINGS = YES;
				SWIFT_VERSION = 5.0;
				TARGETED_DEVICE_FAMILY = "1,2";
			};
			name = Debug;
		};
		B8B2322E290429F3000AE4F9 /* Release */ = {
			isa = XCBuildConfiguration;
			baseConfigurationReference = BDBA149A15AB928ABDDBC31A /* Pods-MovieListViper.release.xcconfig */;
			buildSettings = {
				ASSETCATALOG_COMPILER_APPICON_NAME = AppIcon;
				ASSETCATALOG_COMPILER_GLOBAL_ACCENT_COLOR_NAME = AccentColor;
				CODE_SIGN_STYLE = Automatic;
				CURRENT_PROJECT_VERSION = 1;
				DEVELOPMENT_TEAM = B8D6D7FFGQ;
				GENERATE_INFOPLIST_FILE = YES;
				INFOPLIST_FILE = MovieListViper/Info.plist;
				INFOPLIST_KEY_UIApplicationSupportsIndirectInputEvents = YES;
				INFOPLIST_KEY_UILaunchStoryboardName = LaunchScreen;
				INFOPLIST_KEY_UIMainStoryboardFile = Main;
				INFOPLIST_KEY_UISupportedInterfaceOrientations_iPad = "UIInterfaceOrientationPortrait UIInterfaceOrientationPortraitUpsideDown UIInterfaceOrientationLandscapeLeft UIInterfaceOrientationLandscapeRight";
				INFOPLIST_KEY_UISupportedInterfaceOrientations_iPhone = "UIInterfaceOrientationPortrait UIInterfaceOrientationLandscapeLeft UIInterfaceOrientationLandscapeRight";
				LD_RUNPATH_SEARCH_PATHS = (
					"$(inherited)",
					"@executable_path/Frameworks",
				);
				MARKETING_VERSION = 1.0;
				PRODUCT_BUNDLE_IDENTIFIER = com.utkucetinkaya.MovieListViper;
				PRODUCT_NAME = "$(TARGET_NAME)";
				SWIFT_EMIT_LOC_STRINGS = YES;
				SWIFT_VERSION = 5.0;
				TARGETED_DEVICE_FAMILY = "1,2";
			};
			name = Release;
		};
/* End XCBuildConfiguration section */

/* Begin XCConfigurationList section */
		B8B23213290429F1000AE4F9 /* Build configuration list for PBXProject "MovieListViper" */ = {
			isa = XCConfigurationList;
			buildConfigurations = (
				B8B2322A290429F3000AE4F9 /* Debug */,
				B8B2322B290429F3000AE4F9 /* Release */,
			);
			defaultConfigurationIsVisible = 0;
			defaultConfigurationName = Release;
		};
		B8B2322C290429F3000AE4F9 /* Build configuration list for PBXNativeTarget "MovieListViper" */ = {
			isa = XCConfigurationList;
			buildConfigurations = (
				B8B2322D290429F3000AE4F9 /* Debug */,
				B8B2322E290429F3000AE4F9 /* Release */,
			);
			defaultConfigurationIsVisible = 0;
			defaultConfigurationName = Release;
		};
/* End XCConfigurationList section */
	};
	rootObject = B8B23210290429F1000AE4F9 /* Project object */;
}
